// !$*UTF8*$!
{
	archiveVersion = 1;
	classes = {
	};
	objectVersion = 46;
	objects = {

/* Begin PBXBuildFile section */
		178E151219A9B666007B800D /* Cocoa.framework in Frameworks */ = {isa = PBXBuildFile; fileRef = 178E151119A9B666007B800D /* Cocoa.framework */; };
		178E151C19A9B666007B800D /* InfoPlist.strings in Resources */ = {isa = PBXBuildFile; fileRef = 178E151A19A9B666007B800D /* InfoPlist.strings */; };
		178E151E19A9B666007B800D /* main.m in Sources */ = {isa = PBXBuildFile; fileRef = 178E151D19A9B666007B800D /* main.m */; };
		178E152219A9B666007B800D /* Credits.rtf in Resources */ = {isa = PBXBuildFile; fileRef = 178E152019A9B666007B800D /* Credits.rtf */; };
		178E152519A9B666007B800D /* JRDAppDelegate.m in Sources */ = {isa = PBXBuildFile; fileRef = 178E152419A9B666007B800D /* JRDAppDelegate.m */; };
		178E152819A9B666007B800D /* MainMenu.xib in Resources */ = {isa = PBXBuildFile; fileRef = 178E152619A9B666007B800D /* MainMenu.xib */; };
		178E152A19A9B666007B800D /* Images.xcassets in Resources */ = {isa = PBXBuildFile; fileRef = 178E152919A9B666007B800D /* Images.xcassets */; };
		178E153119A9B666007B800D /* XCTest.framework in Frameworks */ = {isa = PBXBuildFile; fileRef = 178E153019A9B666007B800D /* XCTest.framework */; };
		178E153219A9B666007B800D /* Cocoa.framework in Frameworks */ = {isa = PBXBuildFile; fileRef = 178E151119A9B666007B800D /* Cocoa.framework */; };
		178E153A19A9B666007B800D /* InfoPlist.strings in Resources */ = {isa = PBXBuildFile; fileRef = 178E153819A9B666007B800D /* InfoPlist.strings */; };
		178E153C19A9B666007B800D /* Movie_ManagerTests.m in Sources */ = {isa = PBXBuildFile; fileRef = 178E153B19A9B666007B800D /* Movie_ManagerTests.m */; };
		178E155219A9B741007B800D /* JRDMainWindowController.m in Sources */ = {isa = PBXBuildFile; fileRef = 178E155019A9B741007B800D /* JRDMainWindowController.m */; };
		178E155319A9B741007B800D /* JRDMainWindowController.xib in Resources */ = {isa = PBXBuildFile; fileRef = 178E155119A9B741007B800D /* JRDMainWindowController.xib */; };
		178E155519A9B8F4007B800D /* json.png in Resources */ = {isa = PBXBuildFile; fileRef = 178E155419A9B8F4007B800D /* json.png */; };
		178E155719A9BA7B007B800D /* camera.png in Resources */ = {isa = PBXBuildFile; fileRef = 178E155619A9BA7B007B800D /* camera.png */; };
		178E155B19A9BE9D007B800D /* JRDJsonViewController.m in Sources */ = {isa = PBXBuildFile; fileRef = 178E155919A9BE9D007B800D /* JRDJsonViewController.m */; };
		178E155C19A9BE9D007B800D /* JRDJsonViewController.xib in Resources */ = {isa = PBXBuildFile; fileRef = 178E155A19A9BE9D007B800D /* JRDJsonViewController.xib */; };
		178E156519A9C32B007B800D /* JRDListViewController.m in Sources */ = {isa = PBXBuildFile; fileRef = 178E156319A9C32B007B800D /* JRDListViewController.m */; };
		178E156619A9C32B007B800D /* JRDListViewController.xib in Resources */ = {isa = PBXBuildFile; fileRef = 178E156419A9C32B007B800D /* JRDListViewController.xib */; };
		178E156C19A9E5B8007B800D /* JRDJSONRequest.m in Sources */ = {isa = PBXBuildFile; fileRef = 178E156B19A9E5B8007B800D /* JRDJSONRequest.m */; };
		178E157019A9F292007B800D /* JRDMovieParser.m in Sources */ = {isa = PBXBuildFile; fileRef = 178E156F19A9F292007B800D /* JRDMovieParser.m */; };
		178E15B419AC6756007B800D /* JRDMovie.m in Sources */ = {isa = PBXBuildFile; fileRef = 178E15B319AC6756007B800D /* JRDMovie.m */; };
/* End PBXBuildFile section */

/* Begin PBXContainerItemProxy section */
		178E153319A9B666007B800D /* PBXContainerItemProxy */ = {
			isa = PBXContainerItemProxy;
			containerPortal = 178E150619A9B666007B800D /* Project object */;
			proxyType = 1;
			remoteGlobalIDString = 178E150D19A9B666007B800D;
			remoteInfo = "Movie Manager";
		};
/* End PBXContainerItemProxy section */

/* Begin PBXFileReference section */
		178E150E19A9B666007B800D /* Movie Manager.app */ = {isa = PBXFileReference; explicitFileType = wrapper.application; includeInIndex = 0; path = "Movie Manager.app"; sourceTree = BUILT_PRODUCTS_DIR; };
		178E151119A9B666007B800D /* Cocoa.framework */ = {isa = PBXFileReference; lastKnownFileType = wrapper.framework; name = Cocoa.framework; path = System/Library/Frameworks/Cocoa.framework; sourceTree = SDKROOT; };
		178E151419A9B666007B800D /* AppKit.framework */ = {isa = PBXFileReference; lastKnownFileType = wrapper.framework; name = AppKit.framework; path = System/Library/Frameworks/AppKit.framework; sourceTree = SDKROOT; };
		178E151519A9B666007B800D /* CoreData.framework */ = {isa = PBXFileReference; lastKnownFileType = wrapper.framework; name = CoreData.framework; path = System/Library/Frameworks/CoreData.framework; sourceTree = SDKROOT; };
		178E151619A9B666007B800D /* Foundation.framework */ = {isa = PBXFileReference; lastKnownFileType = wrapper.framework; name = Foundation.framework; path = System/Library/Frameworks/Foundation.framework; sourceTree = SDKROOT; };
		178E151919A9B666007B800D /* Movie Manager-Info.plist */ = {isa = PBXFileReference; lastKnownFileType = text.plist.xml; path = "Movie Manager-Info.plist"; sourceTree = "<group>"; };
		178E151B19A9B666007B800D /* en */ = {isa = PBXFileReference; lastKnownFileType = text.plist.strings; name = en; path = en.lproj/InfoPlist.strings; sourceTree = "<group>"; };
		178E151D19A9B666007B800D /* main.m */ = {isa = PBXFileReference; lastKnownFileType = sourcecode.c.objc; path = main.m; sourceTree = "<group>"; };
		178E151F19A9B666007B800D /* Movie Manager-Prefix.pch */ = {isa = PBXFileReference; lastKnownFileType = sourcecode.c.h; path = "Movie Manager-Prefix.pch"; sourceTree = "<group>"; };
		178E152119A9B666007B800D /* en */ = {isa = PBXFileReference; lastKnownFileType = text.rtf; name = en; path = en.lproj/Credits.rtf; sourceTree = "<group>"; };
		178E152319A9B666007B800D /* JRDAppDelegate.h */ = {isa = PBXFileReference; lastKnownFileType = sourcecode.c.h; path = JRDAppDelegate.h; sourceTree = "<group>"; };
		178E152419A9B666007B800D /* JRDAppDelegate.m */ = {isa = PBXFileReference; lastKnownFileType = sourcecode.c.objc; path = JRDAppDelegate.m; sourceTree = "<group>"; };
		178E152719A9B666007B800D /* Base */ = {isa = PBXFileReference; lastKnownFileType = file.xib; name = Base; path = Base.lproj/MainMenu.xib; sourceTree = "<group>"; };
		178E152919A9B666007B800D /* Images.xcassets */ = {isa = PBXFileReference; lastKnownFileType = folder.assetcatalog; path = Images.xcassets; sourceTree = "<group>"; };
		178E152F19A9B666007B800D /* Movie ManagerTests.xctest */ = {isa = PBXFileReference; explicitFileType = wrapper.cfbundle; includeInIndex = 0; path = "Movie ManagerTests.xctest"; sourceTree = BUILT_PRODUCTS_DIR; };
		178E153019A9B666007B800D /* XCTest.framework */ = {isa = PBXFileReference; lastKnownFileType = wrapper.framework; name = XCTest.framework; path = Library/Frameworks/XCTest.framework; sourceTree = DEVELOPER_DIR; };
		178E153719A9B666007B800D /* Movie ManagerTests-Info.plist */ = {isa = PBXFileReference; lastKnownFileType = text.plist.xml; path = "Movie ManagerTests-Info.plist"; sourceTree = "<group>"; };
		178E153919A9B666007B800D /* en */ = {isa = PBXFileReference; lastKnownFileType = text.plist.strings; name = en; path = en.lproj/InfoPlist.strings; sourceTree = "<group>"; };
		178E153B19A9B666007B800D /* Movie_ManagerTests.m */ = {isa = PBXFileReference; lastKnownFileType = sourcecode.c.objc; path = Movie_ManagerTests.m; sourceTree = "<group>"; };
		178E154F19A9B741007B800D /* JRDMainWindowController.h */ = {isa = PBXFileReference; fileEncoding = 4; lastKnownFileType = sourcecode.c.h; path = JRDMainWindowController.h; sourceTree = "<group>"; };
		178E155019A9B741007B800D /* JRDMainWindowController.m */ = {isa = PBXFileReference; fileEncoding = 4; lastKnownFileType = sourcecode.c.objc; path = JRDMainWindowController.m; sourceTree = "<group>"; };
		178E155119A9B741007B800D /* JRDMainWindowController.xib */ = {isa = PBXFileReference; fileEncoding = 4; lastKnownFileType = file.xib; path = JRDMainWindowController.xib; sourceTree = "<group>"; };
		178E155419A9B8F4007B800D /* json.png */ = {isa = PBXFileReference; lastKnownFileType = image.png; path = json.png; sourceTree = "<group>"; };
		178E155619A9BA7B007B800D /* camera.png */ = {isa = PBXFileReference; lastKnownFileType = image.png; path = camera.png; sourceTree = "<group>"; };
		178E155819A9BE9D007B800D /* JRDJsonViewController.h */ = {isa = PBXFileReference; fileEncoding = 4; lastKnownFileType = sourcecode.c.h; path = JRDJsonViewController.h; sourceTree = "<group>"; };
		178E155919A9BE9D007B800D /* JRDJsonViewController.m */ = {isa = PBXFileReference; fileEncoding = 4; lastKnownFileType = sourcecode.c.objc; path = JRDJsonViewController.m; sourceTree = "<group>"; };
		178E155A19A9BE9D007B800D /* JRDJsonViewController.xib */ = {isa = PBXFileReference; fileEncoding = 4; lastKnownFileType = file.xib; path = JRDJsonViewController.xib; sourceTree = "<group>"; };
		178E156219A9C32B007B800D /* JRDListViewController.h */ = {isa = PBXFileReference; fileEncoding = 4; lastKnownFileType = sourcecode.c.h; path = JRDListViewController.h; sourceTree = "<group>"; };
		178E156319A9C32B007B800D /* JRDListViewController.m */ = {isa = PBXFileReference; fileEncoding = 4; lastKnownFileType = sourcecode.c.objc; path = JRDListViewController.m; sourceTree = "<group>"; };
		178E156419A9C32B007B800D /* JRDListViewController.xib */ = {isa = PBXFileReference; fileEncoding = 4; lastKnownFileType = file.xib; path = JRDListViewController.xib; sourceTree = "<group>"; };
		178E156A19A9E5B8007B800D /* JRDJSONRequest.h */ = {isa = PBXFileReference; fileEncoding = 4; lastKnownFileType = sourcecode.c.h; path = JRDJSONRequest.h; sourceTree = "<group>"; };
		178E156B19A9E5B8007B800D /* JRDJSONRequest.m */ = {isa = PBXFileReference; fileEncoding = 4; lastKnownFileType = sourcecode.c.objc; path = JRDJSONRequest.m; sourceTree = "<group>"; };
		178E156E19A9F292007B800D /* JRDMovieParser.h */ = {isa = PBXFileReference; fileEncoding = 4; lastKnownFileType = sourcecode.c.h; path = JRDMovieParser.h; sourceTree = "<group>"; };
		178E156F19A9F292007B800D /* JRDMovieParser.m */ = {isa = PBXFileReference; fileEncoding = 4; lastKnownFileType = sourcecode.c.objc; path = JRDMovieParser.m; sourceTree = "<group>"; };
		178E15B219AC6756007B800D /* JRDMovie.h */ = {isa = PBXFileReference; fileEncoding = 4; lastKnownFileType = sourcecode.c.h; path = JRDMovie.h; sourceTree = "<group>"; };
		178E15B319AC6756007B800D /* JRDMovie.m */ = {isa = PBXFileReference; fileEncoding = 4; lastKnownFileType = sourcecode.c.objc; path = JRDMovie.m; sourceTree = "<group>"; };
/* End PBXFileReference section */

/* Begin PBXFrameworksBuildPhase section */
		178E150B19A9B666007B800D /* Frameworks */ = {
			isa = PBXFrameworksBuildPhase;
			buildActionMask = 2147483647;
			files = (
				178E151219A9B666007B800D /* Cocoa.framework in Frameworks */,
			);
			runOnlyForDeploymentPostprocessing = 0;
		};
		178E152C19A9B666007B800D /* Frameworks */ = {
			isa = PBXFrameworksBuildPhase;
			buildActionMask = 2147483647;
			files = (
				178E153219A9B666007B800D /* Cocoa.framework in Frameworks */,
				178E153119A9B666007B800D /* XCTest.framework in Frameworks */,
			);
			runOnlyForDeploymentPostprocessing = 0;
		};
/* End PBXFrameworksBuildPhase section */

/* Begin PBXGroup section */
		178E150519A9B666007B800D = {
			isa = PBXGroup;
			children = (
				178E151719A9B666007B800D /* Movie Manager */,
				178E153519A9B666007B800D /* Movie ManagerTests */,
				178E151019A9B666007B800D /* Frameworks */,
				178E150F19A9B666007B800D /* Products */,
			);
			sourceTree = "<group>";
		};
		178E150F19A9B666007B800D /* Products */ = {
			isa = PBXGroup;
			children = (
				178E150E19A9B666007B800D /* Movie Manager.app */,
				178E152F19A9B666007B800D /* Movie ManagerTests.xctest */,
			);
			name = Products;
			sourceTree = "<group>";
		};
		178E151019A9B666007B800D /* Frameworks */ = {
			isa = PBXGroup;
			children = (
				178E151119A9B666007B800D /* Cocoa.framework */,
				178E153019A9B666007B800D /* XCTest.framework */,
				178E151319A9B666007B800D /* Other Frameworks */,
			);
			name = Frameworks;
			sourceTree = "<group>";
		};
		178E151319A9B666007B800D /* Other Frameworks */ = {
			isa = PBXGroup;
			children = (
				178E151419A9B666007B800D /* AppKit.framework */,
				178E151519A9B666007B800D /* CoreData.framework */,
				178E151619A9B666007B800D /* Foundation.framework */,
			);
			name = "Other Frameworks";
			sourceTree = "<group>";
		};
		178E151719A9B666007B800D /* Movie Manager */ = {
			isa = PBXGroup;
			children = (
				178E154919A9B698007B800D /* Base */,
				178E154819A9B687007B800D /* Window Controller */,
				178E155D19A9BEA0007B800D /* View Controllers */,
				178E157119A9F296007B800D /* Parsing */,
				178E156D19A9E611007B800D /* API */,
				178E15B519AC7891007B800D /* Model */,
			);
			path = "Movie Manager";
			sourceTree = "<group>";
		};
		178E151819A9B666007B800D /* Supporting Files */ = {
			isa = PBXGroup;
			children = (
				178E151919A9B666007B800D /* Movie Manager-Info.plist */,
				178E151A19A9B666007B800D /* InfoPlist.strings */,
				178E151D19A9B666007B800D /* main.m */,
				178E151F19A9B666007B800D /* Movie Manager-Prefix.pch */,
				178E152019A9B666007B800D /* Credits.rtf */,
			);
			name = "Supporting Files";
			sourceTree = "<group>";
		};
		178E153519A9B666007B800D /* Movie ManagerTests */ = {
			isa = PBXGroup;
			children = (
				178E153B19A9B666007B800D /* Movie_ManagerTests.m */,
				178E153619A9B666007B800D /* Supporting Files */,
			);
			path = "Movie ManagerTests";
			sourceTree = "<group>";
		};
		178E153619A9B666007B800D /* Supporting Files */ = {
			isa = PBXGroup;
			children = (
				178E153719A9B666007B800D /* Movie ManagerTests-Info.plist */,
				178E153819A9B666007B800D /* InfoPlist.strings */,
			);
			name = "Supporting Files";
			sourceTree = "<group>";
		};
		178E154819A9B687007B800D /* Window Controller */ = {
			isa = PBXGroup;
			children = (
				178E154F19A9B741007B800D /* JRDMainWindowController.h */,
				178E155019A9B741007B800D /* JRDMainWindowController.m */,
				178E155119A9B741007B800D /* JRDMainWindowController.xib */,
			);
			name = "Window Controller";
			sourceTree = "<group>";
		};
		178E154919A9B698007B800D /* Base */ = {
			isa = PBXGroup;
			children = (
				178E152319A9B666007B800D /* JRDAppDelegate.h */,
				178E152419A9B666007B800D /* JRDAppDelegate.m */,
				178E155419A9B8F4007B800D /* json.png */,
				178E155619A9BA7B007B800D /* camera.png */,
				178E152619A9B666007B800D /* MainMenu.xib */,
				178E152919A9B666007B800D /* Images.xcassets */,
				178E151819A9B666007B800D /* Supporting Files */,
			);
			name = Base;
			sourceTree = "<group>";
		};
		178E155D19A9BEA0007B800D /* View Controllers */ = {
			isa = PBXGroup;
			children = (
				178E155819A9BE9D007B800D /* JRDJsonViewController.h */,
				178E155919A9BE9D007B800D /* JRDJsonViewController.m */,
				178E155A19A9BE9D007B800D /* JRDJsonViewController.xib */,
				178E156219A9C32B007B800D /* JRDListViewController.h */,
				178E156319A9C32B007B800D /* JRDListViewController.m */,
				178E156419A9C32B007B800D /* JRDListViewController.xib */,
			);
			name = "View Controllers";
			sourceTree = "<group>";
		};
		178E156D19A9E611007B800D /* API */ = {
			isa = PBXGroup;
			children = (
				178E156A19A9E5B8007B800D /* JRDJSONRequest.h */,
				178E156B19A9E5B8007B800D /* JRDJSONRequest.m */,
			);
			name = API;
			sourceTree = "<group>";
		};
		178E157119A9F296007B800D /* Parsing */ = {
			isa = PBXGroup;
			children = (
				178E156E19A9F292007B800D /* JRDMovieParser.h */,
				178E156F19A9F292007B800D /* JRDMovieParser.m */,
			);
			name = Parsing;
			sourceTree = "<group>";
		};
		178E15B519AC7891007B800D /* Model */ = {
			isa = PBXGroup;
			children = (
				178E15B219AC6756007B800D /* JRDMovie.h */,
				178E15B319AC6756007B800D /* JRDMovie.m */,
			);
			name = Model;
			sourceTree = "<group>";
		};
/* End PBXGroup section */

/* Begin PBXNativeTarget section */
		178E150D19A9B666007B800D /* Movie Manager */ = {
			isa = PBXNativeTarget;
			buildConfigurationList = 178E153F19A9B666007B800D /* Build configuration list for PBXNativeTarget "Movie Manager" */;
			buildPhases = (
				178E150A19A9B666007B800D /* Sources */,
				178E150B19A9B666007B800D /* Frameworks */,
				178E150C19A9B666007B800D /* Resources */,
			);
			buildRules = (
			);
			dependencies = (
			);
			name = "Movie Manager";
			productName = "Movie Manager";
			productReference = 178E150E19A9B666007B800D /* Movie Manager.app */;
			productType = "com.apple.product-type.application";
		};
		178E152E19A9B666007B800D /* Movie ManagerTests */ = {
			isa = PBXNativeTarget;
			buildConfigurationList = 178E154219A9B666007B800D /* Build configuration list for PBXNativeTarget "Movie ManagerTests" */;
			buildPhases = (
				178E152B19A9B666007B800D /* Sources */,
				178E152C19A9B666007B800D /* Frameworks */,
				178E152D19A9B666007B800D /* Resources */,
			);
			buildRules = (
			);
			dependencies = (
				178E153419A9B666007B800D /* PBXTargetDependency */,
			);
			name = "Movie ManagerTests";
			productName = "Movie ManagerTests";
			productReference = 178E152F19A9B666007B800D /* Movie ManagerTests.xctest */;
			productType = "com.apple.product-type.bundle.unit-test";
		};
/* End PBXNativeTarget section */

/* Begin PBXProject section */
		178E150619A9B666007B800D /* Project object */ = {
			isa = PBXProject;
			attributes = {
				CLASSPREFIX = JRD;
				LastUpgradeCheck = 0510;
				ORGANIZATIONNAME = "Jordan Dobson";
				TargetAttributes = {
					178E152E19A9B666007B800D = {
						TestTargetID = 178E150D19A9B666007B800D;
					};
				};
			};
			buildConfigurationList = 178E150919A9B666007B800D /* Build configuration list for PBXProject "Movie Manager" */;
			compatibilityVersion = "Xcode 3.2";
			developmentRegion = English;
			hasScannedForEncodings = 0;
			knownRegions = (
				en,
				Base,
			);
			mainGroup = 178E150519A9B666007B800D;
			productRefGroup = 178E150F19A9B666007B800D /* Products */;
			projectDirPath = "";
			projectRoot = "";
			targets = (
				178E150D19A9B666007B800D /* Movie Manager */,
				178E152E19A9B666007B800D /* Movie ManagerTests */,
			);
		};
/* End PBXProject section */

/* Begin PBXResourcesBuildPhase section */
		178E150C19A9B666007B800D /* Resources */ = {
			isa = PBXResourcesBuildPhase;
			buildActionMask = 2147483647;
			files = (
				178E151C19A9B666007B800D /* InfoPlist.strings in Resources */,
				178E155719A9BA7B007B800D /* camera.png in Resources */,
				178E156619A9C32B007B800D /* JRDListViewController.xib in Resources */,
				178E155319A9B741007B800D /* JRDMainWindowController.xib in Resources */,
				178E155C19A9BE9D007B800D /* JRDJsonViewController.xib in Resources */,
				178E152A19A9B666007B800D /* Images.xcassets in Resources */,
				178E152219A9B666007B800D /* Credits.rtf in Resources */,
				178E152819A9B666007B800D /* MainMenu.xib in Resources */,
				178E155519A9B8F4007B800D /* json.png in Resources */,
			);
			runOnlyForDeploymentPostprocessing = 0;
		};
		178E152D19A9B666007B800D /* Resources */ = {
			isa = PBXResourcesBuildPhase;
			buildActionMask = 2147483647;
			files = (
				178E153A19A9B666007B800D /* InfoPlist.strings in Resources */,
			);
			runOnlyForDeploymentPostprocessing = 0;
		};
/* End PBXResourcesBuildPhase section */

/* Begin PBXSourcesBuildPhase section */
		178E150A19A9B666007B800D /* Sources */ = {
			isa = PBXSourcesBuildPhase;
			buildActionMask = 2147483647;
			files = (
				178E151E19A9B666007B800D /* main.m in Sources */,
				178E155219A9B741007B800D /* JRDMainWindowController.m in Sources */,
				178E15B419AC6756007B800D /* JRDMovie.m in Sources */,
				178E157019A9F292007B800D /* JRDMovieParser.m in Sources */,
				178E152519A9B666007B800D /* JRDAppDelegate.m in Sources */,
				178E155B19A9BE9D007B800D /* JRDJsonViewController.m in Sources */,
				178E156C19A9E5B8007B800D /* JRDJSONRequest.m in Sources */,
				178E156519A9C32B007B800D /* JRDListViewController.m in Sources */,
			);
			runOnlyForDeploymentPostprocessing = 0;
		};
		178E152B19A9B666007B800D /* Sources */ = {
			isa = PBXSourcesBuildPhase;
			buildActionMask = 2147483647;
			files = (
				178E153C19A9B666007B800D /* Movie_ManagerTests.m in Sources */,
			);
			runOnlyForDeploymentPostprocessing = 0;
		};
/* End PBXSourcesBuildPhase section */

/* Begin PBXTargetDependency section */
		178E153419A9B666007B800D /* PBXTargetDependency */ = {
			isa = PBXTargetDependency;
			target = 178E150D19A9B666007B800D /* Movie Manager */;
			targetProxy = 178E153319A9B666007B800D /* PBXContainerItemProxy */;
		};
/* End PBXTargetDependency section */

/* Begin PBXVariantGroup section */
		178E151A19A9B666007B800D /* InfoPlist.strings */ = {
			isa = PBXVariantGroup;
			children = (
				178E151B19A9B666007B800D /* en */,
			);
			name = InfoPlist.strings;
			sourceTree = "<group>";
		};
		178E152019A9B666007B800D /* Credits.rtf */ = {
			isa = PBXVariantGroup;
			children = (
				178E152119A9B666007B800D /* en */,
			);
			name = Credits.rtf;
			sourceTree = "<group>";
		};
		178E152619A9B666007B800D /* MainMenu.xib */ = {
			isa = PBXVariantGroup;
			children = (
				178E152719A9B666007B800D /* Base */,
			);
			name = MainMenu.xib;
			sourceTree = "<group>";
		};
		178E153819A9B666007B800D /* InfoPlist.strings */ = {
			isa = PBXVariantGroup;
			children = (
				178E153919A9B666007B800D /* en */,
			);
			name = InfoPlist.strings;
			sourceTree = "<group>";
		};
/* End PBXVariantGroup section */

/* Begin XCBuildConfiguration section */
		178E153D19A9B666007B800D /* Debug */ = {
			isa = XCBuildConfiguration;
			buildSettings = {
				ALWAYS_SEARCH_USER_PATHS = NO;
				CLANG_CXX_LANGUAGE_STANDARD = "gnu++0x";
				CLANG_CXX_LIBRARY = "libc++";
				CLANG_ENABLE_MODULES = YES;
				CLANG_ENABLE_OBJC_ARC = YES;
				CLANG_WARN_BOOL_CONVERSION = YES;
				CLANG_WARN_CONSTANT_CONVERSION = YES;
				CLANG_WARN_DIRECT_OBJC_ISA_USAGE = YES_ERROR;
				CLANG_WARN_EMPTY_BODY = YES;
				CLANG_WARN_ENUM_CONVERSION = YES;
				CLANG_WARN_INT_CONVERSION = YES;
				CLANG_WARN_OBJC_ROOT_CLASS = YES_ERROR;
				CLANG_WARN__DUPLICATE_METHOD_MATCH = YES;
				COPY_PHASE_STRIP = NO;
				GCC_C_LANGUAGE_STANDARD = gnu99;
				GCC_DYNAMIC_NO_PIC = NO;
				GCC_ENABLE_OBJC_EXCEPTIONS = YES;
				GCC_OPTIMIZATION_LEVEL = 0;
				GCC_PREPROCESSOR_DEFINITIONS = (
					"DEBUG=1",
					"$(inherited)",
				);
				GCC_SYMBOLS_PRIVATE_EXTERN = NO;
				GCC_WARN_64_TO_32_BIT_CONVERSION = YES;
				GCC_WARN_ABOUT_RETURN_TYPE = YES_ERROR;
				GCC_WARN_UNDECLARED_SELECTOR = YES;
				GCC_WARN_UNINITIALIZED_AUTOS = YES_AGGRESSIVE;
				GCC_WARN_UNUSED_FUNCTION = YES;
				GCC_WARN_UNUSED_VARIABLE = YES;
				MACOSX_DEPLOYMENT_TARGET = 10.9;
				ONLY_ACTIVE_ARCH = YES;
				SDKROOT = macosx;
			};
			name = Debug;
		};
		178E153E19A9B666007B800D /* Release */ = {
			isa = XCBuildConfiguration;
			buildSettings = {
				ALWAYS_SEARCH_USER_PATHS = NO;
				CLANG_CXX_LANGUAGE_STANDARD = "gnu++0x";
				CLANG_CXX_LIBRARY = "libc++";
				CLANG_ENABLE_MODULES = YES;
				CLANG_ENABLE_OBJC_ARC = YES;
				CLANG_WARN_BOOL_CONVERSION = YES;
				CLANG_WARN_CONSTANT_CONVERSION = YES;
				CLANG_WARN_DIRECT_OBJC_ISA_USAGE = YES_ERROR;
				CLANG_WARN_EMPTY_BODY = YES;
				CLANG_WARN_ENUM_CONVERSION = YES;
				CLANG_WARN_INT_CONVERSION = YES;
				CLANG_WARN_OBJC_ROOT_CLASS = YES_ERROR;
				CLANG_WARN__DUPLICATE_METHOD_MATCH = YES;
				COPY_PHASE_STRIP = YES;
				DEBUG_INFORMATION_FORMAT = "dwarf-with-dsym";
				ENABLE_NS_ASSERTIONS = NO;
				GCC_C_LANGUAGE_STANDARD = gnu99;
				GCC_ENABLE_OBJC_EXCEPTIONS = YES;
				GCC_WARN_64_TO_32_BIT_CONVERSION = YES;
				GCC_WARN_ABOUT_RETURN_TYPE = YES_ERROR;
				GCC_WARN_UNDECLARED_SELECTOR = YES;
				GCC_WARN_UNINITIALIZED_AUTOS = YES_AGGRESSIVE;
				GCC_WARN_UNUSED_FUNCTION = YES;
				GCC_WARN_UNUSED_VARIABLE = YES;
				MACOSX_DEPLOYMENT_TARGET = 10.9;
				SDKROOT = macosx;
			};
			name = Release;
		};
		178E154019A9B666007B800D /* Debug */ = {
			isa = XCBuildConfiguration;
			buildSettings = {
				ASSETCATALOG_COMPILER_APPICON_NAME = AppIcon;
				COMBINE_HIDPI_IMAGES = YES;
				GCC_PRECOMPILE_PREFIX_HEADER = YES;
				GCC_PREFIX_HEADER = "Movie Manager/Movie Manager-Prefix.pch";
				INFOPLIST_FILE = "Movie Manager/Movie Manager-Info.plist";
				PRODUCT_NAME = "$(TARGET_NAME)";
				WRAPPER_EXTENSION = app;
			};
			name = Debug;
		};
		178E154119A9B666007B800D /* Release */ = {
			isa = XCBuildConfiguration;
			buildSettings = {
				ASSETCATALOG_COMPILER_APPICON_NAME = AppIcon;
				COMBINE_HIDPI_IMAGES = YES;
				GCC_PRECOMPILE_PREFIX_HEADER = YES;
				GCC_PREFIX_HEADER = "Movie Manager/Movie Manager-Prefix.pch";
				INFOPLIST_FILE = "Movie Manager/Movie Manager-Info.plist";
				PRODUCT_NAME = "$(TARGET_NAME)";
				WRAPPER_EXTENSION = app;
			};
			name = Release;
		};
		178E154319A9B666007B800D /* Debug */ = {
			isa = XCBuildConfiguration;
			buildSettings = {
				BUNDLE_LOADER = "$(BUILT_PRODUCTS_DIR)/Movie Manager.app/Contents/MacOS/Movie Manager";
				COMBINE_HIDPI_IMAGES = YES;
				FRAMEWORK_SEARCH_PATHS = (
					"$(DEVELOPER_FRAMEWORKS_DIR)",
					"$(inherited)",
				);
				GCC_PRECOMPILE_PREFIX_HEADER = YES;
				GCC_PREFIX_HEADER = "Movie Manager/Movie Manager-Prefix.pch";
				GCC_PREPROCESSOR_DEFINITIONS = (
					"DEBUG=1",
					"$(inherited)",
				);
				INFOPLIST_FILE = "Movie ManagerTests/Movie ManagerTests-Info.plist";
				PRODUCT_NAME = "$(TARGET_NAME)";
				TEST_HOST = "$(BUNDLE_LOADER)";
				WRAPPER_EXTENSION = xctest;
			};
			name = Debug;
		};
		178E154419A9B666007B800D /* Release */ = {
			isa = XCBuildConfiguration;
			buildSettings = {
				BUNDLE_LOADER = "$(BUILT_PRODUCTS_DIR)/Movie Manager.app/Contents/MacOS/Movie Manager";
				COMBINE_HIDPI_IMAGES = YES;
				FRAMEWORK_SEARCH_PATHS = (
					"$(DEVELOPER_FRAMEWORKS_DIR)",
					"$(inherited)",
				);
				GCC_PRECOMPILE_PREFIX_HEADER = YES;
				GCC_PREFIX_HEADER = "Movie Manager/Movie Manager-Prefix.pch";
				INFOPLIST_FILE = "Movie ManagerTests/Movie ManagerTests-Info.plist";
				PRODUCT_NAME = "$(TARGET_NAME)";
				TEST_HOST = "$(BUNDLE_LOADER)";
				WRAPPER_EXTENSION = xctest;
			};
			name = Release;
		};
/* End XCBuildConfiguration section */

/* Begin XCConfigurationList section */
		178E150919A9B666007B800D /* Build configuration list for PBXProject "Movie Manager" */ = {
			isa = XCConfigurationList;
			buildConfigurations = (
				178E153D19A9B666007B800D /* Debug */,
				178E153E19A9B666007B800D /* Release */,
			);
			defaultConfigurationIsVisible = 0;
			defaultConfigurationName = Release;
		};
		178E153F19A9B666007B800D /* Build configuration list for PBXNativeTarget "Movie Manager" */ = {
			isa = XCConfigurationList;
			buildConfigurations = (
				178E154019A9B666007B800D /* Debug */,
				178E154119A9B666007B800D /* Release */,
			);
			defaultConfigurationIsVisible = 0;
		};
		178E154219A9B666007B800D /* Build configuration list for PBXNativeTarget "Movie ManagerTests" */ = {
			isa = XCConfigurationList;
			buildConfigurations = (
				178E154319A9B666007B800D /* Debug */,
				178E154419A9B666007B800D /* Release */,
			);
			defaultConfigurationIsVisible = 0;
		};
/* End XCConfigurationList section */
	};
	rootObject = 178E150619A9B666007B800D /* Project object */;
}
